
Microsoft Visual Studio Solution File, Format Version 12.00
# Visual Studio Version 17
VisualStudioVersion = 17.0.31903.59
MinimumVisualStudioVersion = 10.0.40219.1
Project("{9A19103F-16F7-4668-BE54-9A1E7A4F7556}") = "WebApi", "WebApi\WebApi.csproj", "{760A4C3E-B458-42F2-9C26-3DA446E3142C}"
EndProject
Project("{9A19103F-16F7-4668-BE54-9A1E7A4F7556}") = "Entities", "Entities\Entities.csproj", "{449386E3-3A43-40CC-BED1-694A77DF9106}"
EndProject
Project("{9A19103F-16F7-4668-BE54-9A1E7A4F7556}") = "Repositories", "Repositories\Repositories.csproj", "{4D9B94F4-0FF3-4120-BA45-41C9B37B8AE1}"
EndProject
Project("{9A19103F-16F7-4668-BE54-9A1E7A4F7556}") = "Services", "Services\Services.csproj", "{F77A4293-E709-4004-A80D-3CA85BD8F456}"
EndProject
Project("{FAE04EC0-301F-11D3-BF4B-00C04F79EFBC}") = "Presentation", "Presentation\Presentation.csproj", "{81FFE6CD-2430-4BE1-B238-B0DF856123D8}"
EndProject
Global
	GlobalSection(SolutionConfigurationPlatforms) = preSolution
		Debug|Any CPU = Debug|Any CPU
		Release|Any CPU = Release|Any CPU
	EndGlobalSection
	GlobalSection(ProjectConfigurationPlatforms) = postSolution
		{760A4C3E-B458-42F2-9C26-3DA446E3142C}.Debug|Any CPU.ActiveCfg = Debug|Any CPU
		{760A4C3E-B458-42F2-9C26-3DA446E3142C}.Debug|Any CPU.Build.0 = Debug|Any CPU
		{760A4C3E-B458-42F2-9C26-3DA446E3142C}.Release|Any CPU.ActiveCfg = Release|Any CPU
		{760A4C3E-B458-42F2-9C26-3DA446E3142C}.Release|Any CPU.Build.0 = Release|Any CPU
		{449386E3-3A43-40CC-BED1-694A77DF9106}.Debug|Any CPU.ActiveCfg = Debug|Any CPU
		{449386E3-3A43-40CC-BED1-694A77DF9106}.Debug|Any CPU.Build.0 = Debug|Any CPU
		{449386E3-3A43-40CC-BED1-694A77DF9106}.Release|Any CPU.ActiveCfg = Release|Any CPU
		{449386E3-3A43-40CC-BED1-694A77DF9106}.Release|Any CPU.Build.0 = Release|Any CPU
		{4D9B94F4-0FF3-4120-BA45-41C9B37B8AE1}.Debug|Any CPU.ActiveCfg = Debug|Any CPU
		{4D9B94F4-0FF3-4120-BA45-41C9B37B8AE1}.Debug|Any CPU.Build.0 = Debug|Any CPU
		{4D9B94F4-0FF3-4120-BA45-41C9B37B8AE1}.Release|Any CPU.ActiveCfg = Release|Any CPU
		{4D9B94F4-0FF3-4120-BA45-41C9B37B8AE1}.Release|Any CPU.Build.0 = Release|Any CPU
		{F77A4293-E709-4004-A80D-3CA85BD8F456}.Debug|Any CPU.ActiveCfg = Debug|Any CPU
		{F77A4293-E709-4004-A80D-3CA85BD8F456}.Debug|Any CPU.Build.0 = Debug|Any CPU
		{F77A4293-E709-4004-A80D-3CA85BD8F456}.Release|Any CPU.ActiveCfg = Release|Any CPU
		{F77A4293-E709-4004-A80D-3CA85BD8F456}.Release|Any CPU.Build.0 = Release|Any CPU
		{81FFE6CD-2430-4BE1-B238-B0DF856123D8}.Debug|Any CPU.ActiveCfg = Debug|Any CPU
		{81FFE6CD-2430-4BE1-B238-B0DF856123D8}.Debug|Any CPU.Build.0 = Debug|Any CPU
		{81FFE6CD-2430-4BE1-B238-B0DF856123D8}.Release|Any CPU.ActiveCfg = Release|Any CPU
		{81FFE6CD-2430-4BE1-B238-B0DF856123D8}.Release|Any CPU.Build.0 = Release|Any CPU
	EndGlobalSection
	GlobalSection(SolutionProperties) = preSolution
		HideSolutionNode = FALSE
	EndGlobalSection
	GlobalSection(ExtensibilityGlobals) = postSolution
		SolutionGuid = {B8B06C56-259F-47FF-9757-3D821AD46DD7}
	EndGlobalSection
EndGlobal
